// !$*UTF8*$!
{
	archiveVersion = 1;
	classes = {
	};
	objectVersion = 55;
	objects = {

/* Begin PBXBuildFile section */
		8A1868AA27B64D9000C12D0E /* AppDelegate.swift in Sources */ = {isa = PBXBuildFile; fileRef = 8A1868A927B64D9000C12D0E /* AppDelegate.swift */; };
		8A1868AC27B64D9000C12D0E /* SceneDelegate.swift in Sources */ = {isa = PBXBuildFile; fileRef = 8A1868AB27B64D9000C12D0E /* SceneDelegate.swift */; };
		8A1868AE27B64D9000C12D0E /* CryptoViewController.swift in Sources */ = {isa = PBXBuildFile; fileRef = 8A1868AD27B64D9000C12D0E /* CryptoViewController.swift */; };
		8A1868B327B64D9000C12D0E /* Assets.xcassets in Resources */ = {isa = PBXBuildFile; fileRef = 8A1868B227B64D9000C12D0E /* Assets.xcassets */; };
		8A1868B627B64D9000C12D0E /* LaunchScreen.storyboard in Resources */ = {isa = PBXBuildFile; fileRef = 8A1868B427B64D9000C12D0E /* LaunchScreen.storyboard */; };
		8A5F058227BACFB30015DC82 /* CryptoViewModel.swift in Sources */ = {isa = PBXBuildFile; fileRef = 8A5F058127BACFB30015DC82 /* CryptoViewModel.swift */; };
		8A5F058427BACFC20015DC82 /* ExchangeRateViewModel.swift in Sources */ = {isa = PBXBuildFile; fileRef = 8A5F058327BACFC20015DC82 /* ExchangeRateViewModel.swift */; };
		8A5F058727BAD03E0015DC82 /* Observable.swift in Sources */ = {isa = PBXBuildFile; fileRef = 8A5F058627BAD03E0015DC82 /* Observable.swift */; };
		8A5F059227BAEE830015DC82 /* CryptoViewProtocols.swift in Sources */ = {isa = PBXBuildFile; fileRef = 8A5F059127BAEE830015DC82 /* CryptoViewProtocols.swift */; };
		8A5F059627BAF0D20015DC82 /* CryptoViewLocalDataManager.swift in Sources */ = {isa = PBXBuildFile; fileRef = 8A5F059527BAF0D20015DC82 /* CryptoViewLocalDataManager.swift */; };
		8A5F059827BB0BFC0015DC82 /* Route.swift in Sources */ = {isa = PBXBuildFile; fileRef = 8A5F059727BB0BFC0015DC82 /* Route.swift */; };
		8A8F267527B6698200CD5C61 /* CurrencyResponse.swift in Sources */ = {isa = PBXBuildFile; fileRef = 8A8F267427B6698200CD5C61 /* CurrencyResponse.swift */; };
		8A8F267827B6700000CD5C61 /* UIView++.swift in Sources */ = {isa = PBXBuildFile; fileRef = 8A8F267727B6700000CD5C61 /* UIView++.swift */; };
		8A8F267A27B6723D00CD5C61 /* APIDataManager.swift in Sources */ = {isa = PBXBuildFile; fileRef = 8A8F267927B6723D00CD5C61 /* APIDataManager.swift */; };
		8A8F267C27B6728800CD5C61 /* Endpoint.swift in Sources */ = {isa = PBXBuildFile; fileRef = 8A8F267B27B6728800CD5C61 /* Endpoint.swift */; };
		8A8F267F27B677A600CD5C61 /* DataParser.swift in Sources */ = {isa = PBXBuildFile; fileRef = 8A8F267E27B677A600CD5C61 /* DataParser.swift */; };
		8AE858F827B6E38100BC1122 /* ResuableCell.swift in Sources */ = {isa = PBXBuildFile; fileRef = 8AE858F727B6E38100BC1122 /* ResuableCell.swift */; };
		8AE858FA27B6EB8200BC1122 /* UILabel++.swift in Sources */ = {isa = PBXBuildFile; fileRef = 8AE858F927B6EB8200BC1122 /* UILabel++.swift */; };
		8AE858FC27B6EBA500BC1122 /* UIColor++.swift in Sources */ = {isa = PBXBuildFile; fileRef = 8AE858FB27B6EBA500BC1122 /* UIColor++.swift */; };
		8AE8590127B6EF1100BC1122 /* Constants.swift in Sources */ = {isa = PBXBuildFile; fileRef = 8AE8590027B6EF1100BC1122 /* Constants.swift */; };
		8AE8590327B6F13D00BC1122 /* CryptoModel.swift in Sources */ = {isa = PBXBuildFile; fileRef = 8AE8590227B6F13D00BC1122 /* CryptoModel.swift */; };
		8AE8590627B6F1A800BC1122 /* TableViewCellVieable.swift in Sources */ = {isa = PBXBuildFile; fileRef = 8AE8590527B6F1A800BC1122 /* TableViewCellVieable.swift */; };
		8AE8590827B6F51C00BC1122 /* ExchangeRateViewController.swift in Sources */ = {isa = PBXBuildFile; fileRef = 8AE8590727B6F51C00BC1122 /* ExchangeRateViewController.swift */; };
		8AE8590A27B6F8E100BC1122 /* ExchangeRatesResponse.swift in Sources */ = {isa = PBXBuildFile; fileRef = 8AE8590927B6F8E100BC1122 /* ExchangeRatesResponse.swift */; };
		8AE8590C27B6FA4300BC1122 /* ExchangeRateModel.swift in Sources */ = {isa = PBXBuildFile; fileRef = 8AE8590B27B6FA4300BC1122 /* ExchangeRateModel.swift */; };
/* End PBXBuildFile section */

/* Begin PBXFileReference section */
		8A1868A627B64D9000C12D0E /* CryptoChecker.app */ = {isa = PBXFileReference; explicitFileType = wrapper.application; includeInIndex = 0; path = CryptoChecker.app; sourceTree = BUILT_PRODUCTS_DIR; };
		8A1868A927B64D9000C12D0E /* AppDelegate.swift */ = {isa = PBXFileReference; lastKnownFileType = sourcecode.swift; path = AppDelegate.swift; sourceTree = "<group>"; };
		8A1868AB27B64D9000C12D0E /* SceneDelegate.swift */ = {isa = PBXFileReference; lastKnownFileType = sourcecode.swift; path = SceneDelegate.swift; sourceTree = "<group>"; };
		8A1868AD27B64D9000C12D0E /* CryptoViewController.swift */ = {isa = PBXFileReference; lastKnownFileType = sourcecode.swift; path = CryptoViewController.swift; sourceTree = "<group>"; };
		8A1868B227B64D9000C12D0E /* Assets.xcassets */ = {isa = PBXFileReference; lastKnownFileType = folder.assetcatalog; path = Assets.xcassets; sourceTree = "<group>"; };
		8A1868B527B64D9000C12D0E /* Base */ = {isa = PBXFileReference; lastKnownFileType = file.storyboard; name = Base; path = Base.lproj/LaunchScreen.storyboard; sourceTree = "<group>"; };
		8A1868B727B64D9000C12D0E /* Info.plist */ = {isa = PBXFileReference; lastKnownFileType = text.plist.xml; path = Info.plist; sourceTree = "<group>"; };
		8A5F058127BACFB30015DC82 /* CryptoViewModel.swift */ = {isa = PBXFileReference; lastKnownFileType = sourcecode.swift; path = CryptoViewModel.swift; sourceTree = "<group>"; };
		8A5F058327BACFC20015DC82 /* ExchangeRateViewModel.swift */ = {isa = PBXFileReference; lastKnownFileType = sourcecode.swift; path = ExchangeRateViewModel.swift; sourceTree = "<group>"; };
		8A5F058627BAD03E0015DC82 /* Observable.swift */ = {isa = PBXFileReference; lastKnownFileType = sourcecode.swift; path = Observable.swift; sourceTree = "<group>"; };
		8A5F059127BAEE830015DC82 /* CryptoViewProtocols.swift */ = {isa = PBXFileReference; lastKnownFileType = sourcecode.swift; path = CryptoViewProtocols.swift; sourceTree = "<group>"; };
		8A5F059527BAF0D20015DC82 /* CryptoViewLocalDataManager.swift */ = {isa = PBXFileReference; lastKnownFileType = sourcecode.swift; path = CryptoViewLocalDataManager.swift; sourceTree = "<group>"; };
		8A5F059727BB0BFC0015DC82 /* Route.swift */ = {isa = PBXFileReference; lastKnownFileType = sourcecode.swift; path = Route.swift; sourceTree = "<group>"; };
		8A8F267427B6698200CD5C61 /* CurrencyResponse.swift */ = {isa = PBXFileReference; lastKnownFileType = sourcecode.swift; path = CurrencyResponse.swift; sourceTree = "<group>"; };
		8A8F267727B6700000CD5C61 /* UIView++.swift */ = {isa = PBXFileReference; lastKnownFileType = sourcecode.swift; path = "UIView++.swift"; sourceTree = "<group>"; };
		8A8F267927B6723D00CD5C61 /* APIDataManager.swift */ = {isa = PBXFileReference; lastKnownFileType = sourcecode.swift; path = APIDataManager.swift; sourceTree = "<group>"; };
		8A8F267B27B6728800CD5C61 /* Endpoint.swift */ = {isa = PBXFileReference; lastKnownFileType = sourcecode.swift; path = Endpoint.swift; sourceTree = "<group>"; };
		8A8F267E27B677A600CD5C61 /* DataParser.swift */ = {isa = PBXFileReference; lastKnownFileType = sourcecode.swift; path = DataParser.swift; sourceTree = "<group>"; };
		8AE858F727B6E38100BC1122 /* ResuableCell.swift */ = {isa = PBXFileReference; lastKnownFileType = sourcecode.swift; path = ResuableCell.swift; sourceTree = "<group>"; };
		8AE858F927B6EB8200BC1122 /* UILabel++.swift */ = {isa = PBXFileReference; lastKnownFileType = sourcecode.swift; path = "UILabel++.swift"; sourceTree = "<group>"; };
		8AE858FB27B6EBA500BC1122 /* UIColor++.swift */ = {isa = PBXFileReference; lastKnownFileType = sourcecode.swift; path = "UIColor++.swift"; sourceTree = "<group>"; };
		8AE8590027B6EF1100BC1122 /* Constants.swift */ = {isa = PBXFileReference; lastKnownFileType = sourcecode.swift; path = Constants.swift; sourceTree = "<group>"; };
		8AE8590227B6F13D00BC1122 /* CryptoModel.swift */ = {isa = PBXFileReference; lastKnownFileType = sourcecode.swift; path = CryptoModel.swift; sourceTree = "<group>"; };
		8AE8590527B6F1A800BC1122 /* TableViewCellVieable.swift */ = {isa = PBXFileReference; lastKnownFileType = sourcecode.swift; path = TableViewCellVieable.swift; sourceTree = "<group>"; };
		8AE8590727B6F51C00BC1122 /* ExchangeRateViewController.swift */ = {isa = PBXFileReference; lastKnownFileType = sourcecode.swift; path = ExchangeRateViewController.swift; sourceTree = "<group>"; };
		8AE8590927B6F8E100BC1122 /* ExchangeRatesResponse.swift */ = {isa = PBXFileReference; lastKnownFileType = sourcecode.swift; path = ExchangeRatesResponse.swift; sourceTree = "<group>"; };
		8AE8590B27B6FA4300BC1122 /* ExchangeRateModel.swift */ = {isa = PBXFileReference; lastKnownFileType = sourcecode.swift; path = ExchangeRateModel.swift; sourceTree = "<group>"; };
/* End PBXFileReference section */

/* Begin PBXFrameworksBuildPhase section */
		8A1868A327B64D9000C12D0E /* Frameworks */ = {
			isa = PBXFrameworksBuildPhase;
			buildActionMask = 2147483647;
			files = (
			);
			runOnlyForDeploymentPostprocessing = 0;
		};
/* End PBXFrameworksBuildPhase section */

/* Begin PBXGroup section */
		8A18689D27B64D9000C12D0E = {
			isa = PBXGroup;
			children = (
				8A1868A827B64D9000C12D0E /* CryptoChecker */,
				8A1868A727B64D9000C12D0E /* Products */,
			);
			sourceTree = "<group>";
		};
		8A1868A727B64D9000C12D0E /* Products */ = {
			isa = PBXGroup;
			children = (
				8A1868A627B64D9000C12D0E /* CryptoChecker.app */,
			);
			name = Products;
			sourceTree = "<group>";
		};
		8A1868A827B64D9000C12D0E /* CryptoChecker */ = {
			isa = PBXGroup;
			children = (
				8A5F058C27BAED310015DC82 /* Modules */,
				8A1868A927B64D9000C12D0E /* AppDelegate.swift */,
				8A1868AB27B64D9000C12D0E /* SceneDelegate.swift */,
				8A5F058527BACFD00015DC82 /* Helpers */,
				8A8F267227B667E500CD5C61 /* Model */,
				8A8F267127B667DA00CD5C61 /* ResulableView */,
				8A1868B227B64D9000C12D0E /* Assets.xcassets */,
				8A1868B427B64D9000C12D0E /* LaunchScreen.storyboard */,
				8A1868B727B64D9000C12D0E /* Info.plist */,
			);
			path = CryptoChecker;
			sourceTree = "<group>";
		};
		8A5F058027BACF7B0015DC82 /* ViewModel */ = {
			isa = PBXGroup;
			children = (
				8A5F058327BACFC20015DC82 /* ExchangeRateViewModel.swift */,
			);
			path = ViewModel;
			sourceTree = "<group>";
		};
		8A5F058527BACFD00015DC82 /* Helpers */ = {
			isa = PBXGroup;
			children = (
				8A5F058627BAD03E0015DC82 /* Observable.swift */,
				8A5F059727BB0BFC0015DC82 /* Route.swift */,
			);
			path = Helpers;
			sourceTree = "<group>";
		};
		8A5F058927BAED0F0015DC82 /* CryptoView */ = {
			isa = PBXGroup;
			children = (
				8A5F058F27BAED4F0015DC82 /* Protocols */,
				8A5F059427BAF0AA0015DC82 /* LocalDataManager */,
				8A5F058E27BAED460015DC82 /* ViewController */,
				8A5F058D27BAED3C0015DC82 /* ViewModel */,
			);
			path = CryptoView;
			sourceTree = "<group>";
		};
		8A5F058A27BAED160015DC82 /* ExchangeRate */ = {
			isa = PBXGroup;
			children = (
				8A5F059027BAEDB80015DC82 /* Protocols */,
				8A8F267327B667F400CD5C61 /* Controller */,
				8A5F058027BACF7B0015DC82 /* ViewModel */,
			);
			path = ExchangeRate;
			sourceTree = "<group>";
		};
		8A5F058C27BAED310015DC82 /* Modules */ = {
			isa = PBXGroup;
			children = (
				8A5F058A27BAED160015DC82 /* ExchangeRate */,
				8A5F058927BAED0F0015DC82 /* CryptoView */,
			);
			path = Modules;
			sourceTree = "<group>";
		};
		8A5F058D27BAED3C0015DC82 /* ViewModel */ = {
			isa = PBXGroup;
			children = (
				8A5F058127BACFB30015DC82 /* CryptoViewModel.swift */,
			);
			path = ViewModel;
			sourceTree = "<group>";
		};
		8A5F058E27BAED460015DC82 /* ViewController */ = {
			isa = PBXGroup;
			children = (
				8A1868AD27B64D9000C12D0E /* CryptoViewController.swift */,
			);
			path = ViewController;
			sourceTree = "<group>";
		};
		8A5F058F27BAED4F0015DC82 /* Protocols */ = {
			isa = PBXGroup;
			children = (
				8A5F059127BAEE830015DC82 /* CryptoViewProtocols.swift */,
			);
			path = Protocols;
			sourceTree = "<group>";
		};
		8A5F059027BAEDB80015DC82 /* Protocols */ = {
			isa = PBXGroup;
			children = (
			);
			path = Protocols;
			sourceTree = "<group>";
		};
		8A5F059427BAF0AA0015DC82 /* LocalDataManager */ = {
			isa = PBXGroup;
			children = (
				8A5F059527BAF0D20015DC82 /* CryptoViewLocalDataManager.swift */,
			);
			path = LocalDataManager;
			sourceTree = "<group>";
		};
		8A8F267127B667DA00CD5C61 /* ResulableView */ = {
			isa = PBXGroup;
			children = (
				8AE858F727B6E38100BC1122 /* ResuableCell.swift */,
			);
			path = ResulableView;
			sourceTree = "<group>";
		};
		8A8F267227B667E500CD5C61 /* Model */ = {
			isa = PBXGroup;
			children = (
				8AE8590427B6F19400BC1122 /* Protocols */,
				8AE858FF27B6EF0400BC1122 /* Constants */,
				8A8F267627B66FEE00CD5C61 /* Extensions */,
				8AE858FD27B6EC9F00BC1122 /* Responses */,
				8AE858FE27B6ECBD00BC1122 /* Networking */,
				8AE8590227B6F13D00BC1122 /* CryptoModel.swift */,
				8AE8590B27B6FA4300BC1122 /* ExchangeRateModel.swift */,
			);
			path = Model;
			sourceTree = "<group>";
		};
		8A8F267327B667F400CD5C61 /* Controller */ = {
			isa = PBXGroup;
			children = (
				8AE8590727B6F51C00BC1122 /* ExchangeRateViewController.swift */,
			);
			path = Controller;
			sourceTree = "<group>";
		};
		8A8F267627B66FEE00CD5C61 /* Extensions */ = {
			isa = PBXGroup;
			children = (
				8A8F267727B6700000CD5C61 /* UIView++.swift */,
				8AE858F927B6EB8200BC1122 /* UILabel++.swift */,
				8AE858FB27B6EBA500BC1122 /* UIColor++.swift */,
			);
			path = Extensions;
			sourceTree = "<group>";
		};
		8AE858FD27B6EC9F00BC1122 /* Responses */ = {
			isa = PBXGroup;
			children = (
				8A8F267427B6698200CD5C61 /* CurrencyResponse.swift */,
				8AE8590927B6F8E100BC1122 /* ExchangeRatesResponse.swift */,
			);
			path = Responses;
			sourceTree = "<group>";
		};
		8AE858FE27B6ECBD00BC1122 /* Networking */ = {
			isa = PBXGroup;
			children = (
				8A8F267927B6723D00CD5C61 /* APIDataManager.swift */,
				8A8F267E27B677A600CD5C61 /* DataParser.swift */,
				8A8F267B27B6728800CD5C61 /* Endpoint.swift */,
			);
			path = Networking;
			sourceTree = "<group>";
		};
		8AE858FF27B6EF0400BC1122 /* Constants */ = {
			isa = PBXGroup;
			children = (
				8AE8590027B6EF1100BC1122 /* Constants.swift */,
			);
			path = Constants;
			sourceTree = "<group>";
		};
		8AE8590427B6F19400BC1122 /* Protocols */ = {
			isa = PBXGroup;
			children = (
				8AE8590527B6F1A800BC1122 /* TableViewCellVieable.swift */,
			);
			path = Protocols;
			sourceTree = "<group>";
		};
/* End PBXGroup section */

/* Begin PBXNativeTarget section */
		8A1868A527B64D9000C12D0E /* CryptoChecker */ = {
			isa = PBXNativeTarget;
			buildConfigurationList = 8A1868BA27B64D9000C12D0E /* Build configuration list for PBXNativeTarget "CryptoChecker" */;
			buildPhases = (
				8A1868A227B64D9000C12D0E /* Sources */,
				8A1868A327B64D9000C12D0E /* Frameworks */,
				8A1868A427B64D9000C12D0E /* Resources */,
			);
			buildRules = (
			);
			dependencies = (
			);
			name = CryptoChecker;
			productName = CryptoChecker;
			productReference = 8A1868A627B64D9000C12D0E /* CryptoChecker.app */;
			productType = "com.apple.product-type.application";
		};
/* End PBXNativeTarget section */

/* Begin PBXProject section */
		8A18689E27B64D9000C12D0E /* Project object */ = {
			isa = PBXProject;
			attributes = {
				BuildIndependentTargetsInParallel = 1;
				LastSwiftUpdateCheck = 1320;
				LastUpgradeCheck = 1320;
				TargetAttributes = {
					8A1868A527B64D9000C12D0E = {
						CreatedOnToolsVersion = 13.2.1;
					};
				};
			};
			buildConfigurationList = 8A1868A127B64D9000C12D0E /* Build configuration list for PBXProject "CryptoChecker" */;
			compatibilityVersion = "Xcode 13.0";
			developmentRegion = en;
			hasScannedForEncodings = 0;
			knownRegions = (
				en,
				Base,
			);
			mainGroup = 8A18689D27B64D9000C12D0E;
			productRefGroup = 8A1868A727B64D9000C12D0E /* Products */;
			projectDirPath = "";
			projectRoot = "";
			targets = (
				8A1868A527B64D9000C12D0E /* CryptoChecker */,
			);
		};
/* End PBXProject section */

/* Begin PBXResourcesBuildPhase section */
		8A1868A427B64D9000C12D0E /* Resources */ = {
			isa = PBXResourcesBuildPhase;
			buildActionMask = 2147483647;
			files = (
				8A1868B627B64D9000C12D0E /* LaunchScreen.storyboard in Resources */,
				8A1868B327B64D9000C12D0E /* Assets.xcassets in Resources */,
			);
			runOnlyForDeploymentPostprocessing = 0;
		};
/* End PBXResourcesBuildPhase section */

/* Begin PBXSourcesBuildPhase section */
		8A1868A227B64D9000C12D0E /* Sources */ = {
			isa = PBXSourcesBuildPhase;
			buildActionMask = 2147483647;
			files = (
				8AE858FA27B6EB8200BC1122 /* UILabel++.swift in Sources */,
				8A8F267C27B6728800CD5C61 /* Endpoint.swift in Sources */,
				8AE8590627B6F1A800BC1122 /* TableViewCellVieable.swift in Sources */,
				8AE858F827B6E38100BC1122 /* ResuableCell.swift in Sources */,
				8A1868AE27B64D9000C12D0E /* CryptoViewController.swift in Sources */,
				8A5F058227BACFB30015DC82 /* CryptoViewModel.swift in Sources */,
				8A5F059227BAEE830015DC82 /* CryptoViewProtocols.swift in Sources */,
				8A8F267F27B677A600CD5C61 /* DataParser.swift in Sources */,
				8AE8590C27B6FA4300BC1122 /* ExchangeRateModel.swift in Sources */,
				8A5F059827BB0BFC0015DC82 /* Route.swift in Sources */,
				8AE8590827B6F51C00BC1122 /* ExchangeRateViewController.swift in Sources */,
				8AE8590A27B6F8E100BC1122 /* ExchangeRatesResponse.swift in Sources */,
				8A1868AA27B64D9000C12D0E /* AppDelegate.swift in Sources */,
				8A5F058427BACFC20015DC82 /* ExchangeRateViewModel.swift in Sources */,
				8A1868AC27B64D9000C12D0E /* SceneDelegate.swift in Sources */,
				8A8F267827B6700000CD5C61 /* UIView++.swift in Sources */,
				8AE858FC27B6EBA500BC1122 /* UIColor++.swift in Sources */,
				8AE8590327B6F13D00BC1122 /* CryptoModel.swift in Sources */,
				8A5F058727BAD03E0015DC82 /* Observable.swift in Sources */,
				8A8F267A27B6723D00CD5C61 /* APIDataManager.swift in Sources */,
				8A8F267527B6698200CD5C61 /* CurrencyResponse.swift in Sources */,
				8A5F059627BAF0D20015DC82 /* CryptoViewLocalDataManager.swift in Sources */,
				8AE8590127B6EF1100BC1122 /* Constants.swift in Sources */,
			);
			runOnlyForDeploymentPostprocessing = 0;
		};
/* End PBXSourcesBuildPhase section */

/* Begin PBXVariantGroup section */
		8A1868B427B64D9000C12D0E /* LaunchScreen.storyboard */ = {
			isa = PBXVariantGroup;
			children = (
				8A1868B527B64D9000C12D0E /* Base */,
			);
			name = LaunchScreen.storyboard;
			sourceTree = "<group>";
		};
/* End PBXVariantGroup section */

/* Begin XCBuildConfiguration section */
		8A1868B827B64D9000C12D0E /* Debug */ = {
			isa = XCBuildConfiguration;
			buildSettings = {
				ALWAYS_SEARCH_USER_PATHS = NO;
				CLANG_ANALYZER_NONNULL = YES;
				CLANG_ANALYZER_NUMBER_OBJECT_CONVERSION = YES_AGGRESSIVE;
				CLANG_CXX_LANGUAGE_STANDARD = "gnu++17";
				CLANG_CXX_LIBRARY = "libc++";
				CLANG_ENABLE_MODULES = YES;
				CLANG_ENABLE_OBJC_ARC = YES;
				CLANG_ENABLE_OBJC_WEAK = YES;
				CLANG_WARN_BLOCK_CAPTURE_AUTORELEASING = YES;
				CLANG_WARN_BOOL_CONVERSION = YES;
				CLANG_WARN_COMMA = YES;
				CLANG_WARN_CONSTANT_CONVERSION = YES;
				CLANG_WARN_DEPRECATED_OBJC_IMPLEMENTATIONS = YES;
				CLANG_WARN_DIRECT_OBJC_ISA_USAGE = YES_ERROR;
				CLANG_WARN_DOCUMENTATION_COMMENTS = YES;
				CLANG_WARN_EMPTY_BODY = YES;
				CLANG_WARN_ENUM_CONVERSION = YES;
				CLANG_WARN_INFINITE_RECURSION = YES;
				CLANG_WARN_INT_CONVERSION = YES;
				CLANG_WARN_NON_LITERAL_NULL_CONVERSION = YES;
				CLANG_WARN_OBJC_IMPLICIT_RETAIN_SELF = YES;
				CLANG_WARN_OBJC_LITERAL_CONVERSION = YES;
				CLANG_WARN_OBJC_ROOT_CLASS = YES_ERROR;
				CLANG_WARN_QUOTED_INCLUDE_IN_FRAMEWORK_HEADER = YES;
				CLANG_WARN_RANGE_LOOP_ANALYSIS = YES;
				CLANG_WARN_STRICT_PROTOTYPES = YES;
				CLANG_WARN_SUSPICIOUS_MOVE = YES;
				CLANG_WARN_UNGUARDED_AVAILABILITY = YES_AGGRESSIVE;
				CLANG_WARN_UNREACHABLE_CODE = YES;
				CLANG_WARN__DUPLICATE_METHOD_MATCH = YES;
				COPY_PHASE_STRIP = NO;
				DEBUG_INFORMATION_FORMAT = dwarf;
				ENABLE_STRICT_OBJC_MSGSEND = YES;
				ENABLE_TESTABILITY = YES;
				GCC_C_LANGUAGE_STANDARD = gnu11;
				GCC_DYNAMIC_NO_PIC = NO;
				GCC_NO_COMMON_BLOCKS = YES;
				GCC_OPTIMIZATION_LEVEL = 0;
				GCC_PREPROCESSOR_DEFINITIONS = (
					"DEBUG=1",
					"$(inherited)",
				);
				GCC_WARN_64_TO_32_BIT_CONVERSION = YES;
				GCC_WARN_ABOUT_RETURN_TYPE = YES_ERROR;
				GCC_WARN_UNDECLARED_SELECTOR = YES;
				GCC_WARN_UNINITIALIZED_AUTOS = YES_AGGRESSIVE;
				GCC_WARN_UNUSED_FUNCTION = YES;
				GCC_WARN_UNUSED_VARIABLE = YES;
				IPHONEOS_DEPLOYMENT_TARGET = 15.2;
				MTL_ENABLE_DEBUG_INFO = INCLUDE_SOURCE;
				MTL_FAST_MATH = YES;
				ONLY_ACTIVE_ARCH = YES;
				SDKROOT = iphoneos;
				SWIFT_ACTIVE_COMPILATION_CONDITIONS = DEBUG;
				SWIFT_OPTIMIZATION_LEVEL = "-Onone";
			};
			name = Debug;
		};
		8A1868B927B64D9000C12D0E /* Release */ = {
			isa = XCBuildConfiguration;
			buildSettings = {
				ALWAYS_SEARCH_USER_PATHS = NO;
				CLANG_ANALYZER_NONNULL = YES;
				CLANG_ANALYZER_NUMBER_OBJECT_CONVERSION = YES_AGGRESSIVE;
				CLANG_CXX_LANGUAGE_STANDARD = "gnu++17";
				CLANG_CXX_LIBRARY = "libc++";
				CLANG_ENABLE_MODULES = YES;
				CLANG_ENABLE_OBJC_ARC = YES;
				CLANG_ENABLE_OBJC_WEAK = YES;
				CLANG_WARN_BLOCK_CAPTURE_AUTORELEASING = YES;
				CLANG_WARN_BOOL_CONVERSION = YES;
				CLANG_WARN_COMMA = YES;
				CLANG_WARN_CONSTANT_CONVERSION = YES;
				CLANG_WARN_DEPRECATED_OBJC_IMPLEMENTATIONS = YES;
				CLANG_WARN_DIRECT_OBJC_ISA_USAGE = YES_ERROR;
				CLANG_WARN_DOCUMENTATION_COMMENTS = YES;
				CLANG_WARN_EMPTY_BODY = YES;
				CLANG_WARN_ENUM_CONVERSION = YES;
				CLANG_WARN_INFINITE_RECURSION = YES;
				CLANG_WARN_INT_CONVERSION = YES;
				CLANG_WARN_NON_LITERAL_NULL_CONVERSION = YES;
				CLANG_WARN_OBJC_IMPLICIT_RETAIN_SELF = YES;
				CLANG_WARN_OBJC_LITERAL_CONVERSION = YES;
				CLANG_WARN_OBJC_ROOT_CLASS = YES_ERROR;
				CLANG_WARN_QUOTED_INCLUDE_IN_FRAMEWORK_HEADER = YES;
				CLANG_WARN_RANGE_LOOP_ANALYSIS = YES;
				CLANG_WARN_STRICT_PROTOTYPES = YES;
				CLANG_WARN_SUSPICIOUS_MOVE = YES;
				CLANG_WARN_UNGUARDED_AVAILABILITY = YES_AGGRESSIVE;
				CLANG_WARN_UNREACHABLE_CODE = YES;
				CLANG_WARN__DUPLICATE_METHOD_MATCH = YES;
				COPY_PHASE_STRIP = NO;
				DEBUG_INFORMATION_FORMAT = "dwarf-with-dsym";
				ENABLE_NS_ASSERTIONS = NO;
				ENABLE_STRICT_OBJC_MSGSEND = YES;
				GCC_C_LANGUAGE_STANDARD = gnu11;
				GCC_NO_COMMON_BLOCKS = YES;
				GCC_WARN_64_TO_32_BIT_CONVERSION = YES;
				GCC_WARN_ABOUT_RETURN_TYPE = YES_ERROR;
				GCC_WARN_UNDECLARED_SELECTOR = YES;
				GCC_WARN_UNINITIALIZED_AUTOS = YES_AGGRESSIVE;
				GCC_WARN_UNUSED_FUNCTION = YES;
				GCC_WARN_UNUSED_VARIABLE = YES;
				IPHONEOS_DEPLOYMENT_TARGET = 15.2;
				MTL_ENABLE_DEBUG_INFO = NO;
				MTL_FAST_MATH = YES;
				SDKROOT = iphoneos;
				SWIFT_COMPILATION_MODE = wholemodule;
				SWIFT_OPTIMIZATION_LEVEL = "-O";
				VALIDATE_PRODUCT = YES;
			};
			name = Release;
		};
		8A1868BB27B64D9000C12D0E /* Debug */ = {
			isa = XCBuildConfiguration;
			buildSettings = {
				ASSETCATALOG_COMPILER_APPICON_NAME = AppIcon;
				ASSETCATALOG_COMPILER_GLOBAL_ACCENT_COLOR_NAME = AccentColor;
				CODE_SIGN_STYLE = Automatic;
				CURRENT_PROJECT_VERSION = 1;
				DEVELOPMENT_TEAM = RRULW6ZM98;
				GENERATE_INFOPLIST_FILE = YES;
				INFOPLIST_FILE = CryptoChecker/Info.plist;
				INFOPLIST_KEY_UIApplicationSupportsIndirectInputEvents = YES;
				INFOPLIST_KEY_UILaunchStoryboardName = LaunchScreen;
				INFOPLIST_KEY_UISupportedInterfaceOrientations_iPad = "UIInterfaceOrientationPortrait UIInterfaceOrientationPortraitUpsideDown UIInterfaceOrientationLandscapeLeft UIInterfaceOrientationLandscapeRight";
				INFOPLIST_KEY_UISupportedInterfaceOrientations_iPhone = "UIInterfaceOrientationPortrait UIInterfaceOrientationLandscapeLeft UIInterfaceOrientationLandscapeRight";
				LD_RUNPATH_SEARCH_PATHS = (
					"$(inherited)",
					"@executable_path/Frameworks",
				);
				MARKETING_VERSION = 1.0;
				PRODUCT_BUNDLE_IDENTIFIER = Kodemia.CryptoChecker;
				PRODUCT_NAME = "$(TARGET_NAME)";
				SWIFT_EMIT_LOC_STRINGS = YES;
				SWIFT_VERSION = 5.0;
				TARGETED_DEVICE_FAMILY = "1,2";
			};
			name = Debug;
		};
		8A1868BC27B64D9000C12D0E /* Release */ = {
			isa = XCBuildConfiguration;
			buildSettings = {
				ASSETCATALOG_COMPILER_APPICON_NAME = AppIcon;
				ASSETCATALOG_COMPILER_GLOBAL_ACCENT_COLOR_NAME = AccentColor;
				CODE_SIGN_STYLE = Automatic;
				CURRENT_PROJECT_VERSION = 1;
				DEVELOPMENT_TEAM = RRULW6ZM98;
				GENERATE_INFOPLIST_FILE = YES;
				INFOPLIST_FILE = CryptoChecker/Info.plist;
				INFOPLIST_KEY_UIApplicationSupportsIndirectInputEvents = YES;
				INFOPLIST_KEY_UILaunchStoryboardName = LaunchScreen;
				INFOPLIST_KEY_UISupportedInterfaceOrientations_iPad = "UIInterfaceOrientationPortrait UIInterfaceOrientationPortraitUpsideDown UIInterfaceOrientationLandscapeLeft UIInterfaceOrientationLandscapeRight";
				INFOPLIST_KEY_UISupportedInterfaceOrientations_iPhone = "UIInterfaceOrientationPortrait UIInterfaceOrientationLandscapeLeft UIInterfaceOrientationLandscapeRight";
				LD_RUNPATH_SEARCH_PATHS = (
					"$(inherited)",
					"@executable_path/Frameworks",
				);
				MARKETING_VERSION = 1.0;
				PRODUCT_BUNDLE_IDENTIFIER = Kodemia.CryptoChecker;
				PRODUCT_NAME = "$(TARGET_NAME)";
				SWIFT_EMIT_LOC_STRINGS = YES;
				SWIFT_VERSION = 5.0;
				TARGETED_DEVICE_FAMILY = "1,2";
			};
			name = Release;
		};
/* End XCBuildConfiguration section */

/* Begin XCConfigurationList section */
		8A1868A127B64D9000C12D0E /* Build configuration list for PBXProject "CryptoChecker" */ = {
			isa = XCConfigurationList;
			buildConfigurations = (
				8A1868B827B64D9000C12D0E /* Debug */,
				8A1868B927B64D9000C12D0E /* Release */,
			);
			defaultConfigurationIsVisible = 0;
			defaultConfigurationName = Release;
		};
		8A1868BA27B64D9000C12D0E /* Build configuration list for PBXNativeTarget "CryptoChecker" */ = {
			isa = XCConfigurationList;
			buildConfigurations = (
				8A1868BB27B64D9000C12D0E /* Debug */,
				8A1868BC27B64D9000C12D0E /* Release */,
			);
			defaultConfigurationIsVisible = 0;
			defaultConfigurationName = Release;
		};
/* End XCConfigurationList section */
	};
	rootObject = 8A18689E27B64D9000C12D0E /* Project object */;
}
